
Microsoft Visual Studio Solution File, Format Version 12.00
# Visual Studio Version 17
VisualStudioVersion = 17.0.31903.59
MinimumVisualStudioVersion = 10.0.40219.1
Project("{FAE04EC0-301F-11D3-BF4B-00C04F79EFBC}") = "HelpdeskApi.Api", "HelpdeskApi.Api\HelpdeskApi.Api.csproj", "{4FB678A2-F21B-444A-B0F7-E7756789B400}"
EndProject
Project("{FAE04EC0-301F-11D3-BF4B-00C04F79EFBC}") = "HelpdeskApi.Application", "HelpdeskApi.Application\HelpdeskApi.Application.csproj", "{D0D61400-9503-4EA5-AD65-16B66FAC2E5F}"
EndProject
Project("{FAE04EC0-301F-11D3-BF4B-00C04F79EFBC}") = "HelpdeskApi.Domain", "HelpdeskApi.Domain\HelpdeskApi.Domain.csproj", "{DA4BD190-562A-413D-A447-76FFAE3671DB}"
EndProject
Project("{FAE04EC0-301F-11D3-BF4B-00C04F79EFBC}") = "HelpdeskApi.Infrastructure", "HelpdeskApi.Infrastructure\HelpdeskApi.Infrastructure.csproj", "{A4135F16-3FF0-4B7E-9FD6-631520FFDFF1}"
EndProject
Global
	GlobalSection(SolutionConfigurationPlatforms) = preSolution
		Debug|Any CPU = Debug|Any CPU
		Release|Any CPU = Release|Any CPU
	EndGlobalSection
	GlobalSection(SolutionProperties) = preSolution
		HideSolutionNode = FALSE
	EndGlobalSection
	GlobalSection(ProjectConfigurationPlatforms) = postSolution
		{4FB678A2-F21B-444A-B0F7-E7756789B400}.Debug|Any CPU.ActiveCfg = Debug|Any CPU
		{4FB678A2-F21B-444A-B0F7-E7756789B400}.Debug|Any CPU.Build.0 = Debug|Any CPU
		{4FB678A2-F21B-444A-B0F7-E7756789B400}.Release|Any CPU.ActiveCfg = Release|Any CPU
		{4FB678A2-F21B-444A-B0F7-E7756789B400}.Release|Any CPU.Build.0 = Release|Any CPU
		{D0D61400-9503-4EA5-AD65-16B66FAC2E5F}.Debug|Any CPU.ActiveCfg = Debug|Any CPU
		{D0D61400-9503-4EA5-AD65-16B66FAC2E5F}.Debug|Any CPU.Build.0 = Debug|Any CPU
		{D0D61400-9503-4EA5-AD65-16B66FAC2E5F}.Release|Any CPU.ActiveCfg = Release|Any CPU
		{D0D61400-9503-4EA5-AD65-16B66FAC2E5F}.Release|Any CPU.Build.0 = Release|Any CPU
		{DA4BD190-562A-413D-A447-76FFAE3671DB}.Debug|Any CPU.ActiveCfg = Debug|Any CPU
		{DA4BD190-562A-413D-A447-76FFAE3671DB}.Debug|Any CPU.Build.0 = Debug|Any CPU
		{DA4BD190-562A-413D-A447-76FFAE3671DB}.Release|Any CPU.ActiveCfg = Release|Any CPU
		{DA4BD190-562A-413D-A447-76FFAE3671DB}.Release|Any CPU.Build.0 = Release|Any CPU
		{A4135F16-3FF0-4B7E-9FD6-631520FFDFF1}.Debug|Any CPU.ActiveCfg = Debug|Any CPU
		{A4135F16-3FF0-4B7E-9FD6-631520FFDFF1}.Debug|Any CPU.Build.0 = Debug|Any CPU
		{A4135F16-3FF0-4B7E-9FD6-631520FFDFF1}.Release|Any CPU.ActiveCfg = Release|Any CPU
		{A4135F16-3FF0-4B7E-9FD6-631520FFDFF1}.Release|Any CPU.Build.0 = Release|Any CPU
	EndGlobalSection
EndGlobal
